
Microsoft Visual Studio Solution File, Format Version 11.00
# Visual Studio 2010
Project("{FAE04EC0-301F-11D3-BF4B-00C04F79EFBC}") = "Delegates01", "Delegates01\Delegates01.csproj", "{00CAEA8A-F2CB-4B18-80FA-3CC267399234}"
EndProject
Global
	GlobalSection(SolutionConfigurationPlatforms) = preSolution
		Debug|x86 = Debug|x86
		Release|x86 = Release|x86
	EndGlobalSection
	GlobalSection(ProjectConfigurationPlatforms) = postSolution
		{00CAEA8A-F2CB-4B18-80FA-3CC267399234}.Debug|x86.ActiveCfg = Debug|x86
		{00CAEA8A-F2CB-4B18-80FA-3CC267399234}.Debug|x86.Build.0 = Debug|x86
		{00CAEA8A-F2CB-4B18-80FA-3CC267399234}.Release|x86.ActiveCfg = Release|x86
		{00CAEA8A-F2CB-4B18-80FA-3CC267399234}.Release|x86.Build.0 = Release|x86
	EndGlobalSection
	GlobalSection(SolutionProperties) = preSolution
		HideSolutionNode = FALSE
	EndGlobalSection
EndGlobal
